
Microsoft Visual Studio Solution File, Format Version 12.00
# Visual Studio 15
Project("{FAE04EC0-301F-11D3-BF4B-00C04F79EFBC}") = "Assembly-CSharp", "Assembly-CSharp.csproj", "{42DF0BED-234F-2195-609C-9396D33DE66D}"
EndProject
Project("{FAE04EC0-301F-11D3-BF4B-00C04F79EFBC}") = "Assembly-CSharp-firstpass", "Assembly-CSharp-firstpass.csproj", "{3A63C29F-5A72-FD0D-FF5E-A8DE60AF22DF}"
EndProject
Global
	GlobalSection(SolutionConfigurationPlatforms) = preSolution
		Debug|Any CPU = Debug|Any CPU
		Release|Any CPU = Release|Any CPU
	EndGlobalSection
	GlobalSection(ProjectConfigurationPlatforms) = postSolution
		{42DF0BED-234F-2195-609C-9396D33DE66D}.Debug|Any CPU.ActiveCfg = Debug|Any CPU
		{42DF0BED-234F-2195-609C-9396D33DE66D}.Debug|Any CPU.Build.0 = Debug|Any CPU
		{42DF0BED-234F-2195-609C-9396D33DE66D}.Release|Any CPU.ActiveCfg = Release|Any CPU
		{42DF0BED-234F-2195-609C-9396D33DE66D}.Release|Any CPU.Build.0 = Release|Any CPU
		{3A63C29F-5A72-FD0D-FF5E-A8DE60AF22DF}.Debug|Any CPU.ActiveCfg = Debug|Any CPU
		{3A63C29F-5A72-FD0D-FF5E-A8DE60AF22DF}.Debug|Any CPU.Build.0 = Debug|Any CPU
		{3A63C29F-5A72-FD0D-FF5E-A8DE60AF22DF}.Release|Any CPU.ActiveCfg = Release|Any CPU
		{3A63C29F-5A72-FD0D-FF5E-A8DE60AF22DF}.Release|Any CPU.Build.0 = Release|Any CPU
	EndGlobalSection
	GlobalSection(SolutionProperties) = preSolution
		HideSolutionNode = FALSE
	EndGlobalSection
EndGlobal
